
Microsoft Visual Studio Solution File, Format Version 12.00
# Visual Studio 2015
Project("{FAE04EC0-301F-11D3-BF4B-00C04F79EFBC}") = "UnityVS.Race.CSharp", "UnityVS.Race.CSharp.csproj", "{B09261C6-FCF3-BAE1-09CC-E471B8F8ED38}"
EndProject
Global
	GlobalSection(SolutionConfigurationPlatforms) = preSolution
		Debug|Any CPU = Debug|Any CPU
		Release|Any CPU = Release|Any CPU
	EndGlobalSection
	GlobalSection(ProjectConfigurationPlatforms) = postSolution
		{B09261C6-FCF3-BAE1-09CC-E471B8F8ED38}.Debug|Any CPU.ActiveCfg = Debug|Any CPU
		{B09261C6-FCF3-BAE1-09CC-E471B8F8ED38}.Debug|Any CPU.Build.0 = Debug|Any CPU
		{B09261C6-FCF3-BAE1-09CC-E471B8F8ED38}.Release|Any CPU.ActiveCfg = Release|Any CPU
		{B09261C6-FCF3-BAE1-09CC-E471B8F8ED38}.Release|Any CPU.Build.0 = Release|Any CPU
	EndGlobalSection
	GlobalSection(SolutionProperties) = preSolution
		HideSolutionNode = FALSE
	EndGlobalSection
EndGlobal
