
Microsoft Visual Studio Solution File, Format Version 12.00
# Visual Studio 2015
Project("{FAE04EC0-301F-11D3-BF4B-00C04F79EFBC}") = "UnityVS.Real Hill Climb.CSharp", "UnityVS.Real Hill Climb.CSharp.csproj", "{887C3CF2-5AF8-E0C1-4454-A135E05E590C}"
EndProject
Global
	GlobalSection(SolutionConfigurationPlatforms) = preSolution
		Debug|Any CPU = Debug|Any CPU
		Release|Any CPU = Release|Any CPU
	EndGlobalSection
	GlobalSection(ProjectConfigurationPlatforms) = postSolution
		{887C3CF2-5AF8-E0C1-4454-A135E05E590C}.Debug|Any CPU.ActiveCfg = Debug|Any CPU
		{887C3CF2-5AF8-E0C1-4454-A135E05E590C}.Debug|Any CPU.Build.0 = Debug|Any CPU
		{887C3CF2-5AF8-E0C1-4454-A135E05E590C}.Release|Any CPU.ActiveCfg = Release|Any CPU
		{887C3CF2-5AF8-E0C1-4454-A135E05E590C}.Release|Any CPU.Build.0 = Release|Any CPU
	EndGlobalSection
	GlobalSection(SolutionProperties) = preSolution
		HideSolutionNode = FALSE
	EndGlobalSection
EndGlobal
